
Microsoft Visual Studio Solution File, Format Version 12.00
# Visual Studio Version 17
VisualStudioVersion = 17.0.32014.148
MinimumVisualStudioVersion = 10.0.40219.1
Project("{FAE04EC0-301F-11D3-BF4B-00C04F79EFBC}") = "LogSystem", "LogSystem\LogSystem.csproj", "{8D67EF7C-1560-49C8-80C3-D2623F4FE65F}"
EndProject
Global
	GlobalSection(SolutionConfigurationPlatforms) = preSolution
		Debug|Any CPU = Debug|Any CPU
		Release|Any CPU = Release|Any CPU
	EndGlobalSection
	GlobalSection(ProjectConfigurationPlatforms) = postSolution
		{8D67EF7C-1560-49C8-80C3-D2623F4FE65F}.Debug|Any CPU.ActiveCfg = Debug|Any CPU
		{8D67EF7C-1560-49C8-80C3-D2623F4FE65F}.Debug|Any CPU.Build.0 = Debug|Any CPU
		{8D67EF7C-1560-49C8-80C3-D2623F4FE65F}.Release|Any CPU.ActiveCfg = Release|Any CPU
		{8D67EF7C-1560-49C8-80C3-D2623F4FE65F}.Release|Any CPU.Build.0 = Release|Any CPU
	EndGlobalSection
	GlobalSection(SolutionProperties) = preSolution
		HideSolutionNode = FALSE
	EndGlobalSection
	GlobalSection(ExtensibilityGlobals) = postSolution
		SolutionGuid = {3424A790-A42E-47DB-8B90-A3D5E8698897}
	EndGlobalSection
EndGlobal
